
Microsoft Visual Studio Solution File, Format Version 12.00
Project("{FAE04EC0-301F-11D3-BF4B-00C04F79EFBC}") = "my_lights", "my_lights.csproj", "{13C37CA3-331F-49F3-B6CA-E85155041D25}"
EndProject
Global
	GlobalSection(SolutionConfigurationPlatforms) = preSolution
		Debug|Any CPU = Debug|Any CPU
		Release|Any CPU = Release|Any CPU
	EndGlobalSection
	GlobalSection(ProjectConfigurationPlatforms) = postSolution
		{13C37CA3-331F-49F3-B6CA-E85155041D25}.Debug|Any CPU.ActiveCfg = Debug|Any CPU
		{13C37CA3-331F-49F3-B6CA-E85155041D25}.Debug|Any CPU.Build.0 = Debug|Any CPU
		{13C37CA3-331F-49F3-B6CA-E85155041D25}.Release|Any CPU.ActiveCfg = Release|Any CPU
		{13C37CA3-331F-49F3-B6CA-E85155041D25}.Release|Any CPU.Build.0 = Release|Any CPU
	EndGlobalSection
EndGlobal
